PODS:
  - AFNetworking (2.2.1):
    - AFNetworking/NSURLConnection
    - AFNetworking/NSURLSession
    - AFNetworking/Reachability
    - AFNetworking/Security
    - AFNetworking/Serialization
    - AFNetworking/UIKit
  - AFNetworking/NSURLConnection (2.2.1):
    - AFNetworking/Reachability
    - AFNetworking/Security
    - AFNetworking/Serialization
  - AFNetworking/NSURLSession (2.2.1):
    - AFNetworking/NSURLConnection
  - AFNetworking/Reachability (2.2.1)
  - AFNetworking/Security (2.2.1)
  - AFNetworking/Serialization (2.2.1)
  - AFSpecWorking (0.1)
  - Cedar (0.9.5)

DEPENDENCIES:
  - AFNetworking
  - AFSpecWorking (from `.`)
  - Cedar

EXTERNAL SOURCES:
  AFSpecWorking:
    :path: .

SPEC CHECKSUMS:
  AFNetworking: 0121f4b69be3fa58d1ab317866e036e12ac9651d
  AFSpecWorking: 1621cdb20a0e40a4e3c906d2f12241bae2261362
  Cedar: 16cbb75084031aa41304cdeb0d0c8319c1af1cae

COCOAPODS: 0.31.1
